
Microsoft Visual Studio Solution File, Format Version 12.00
# Visual Studio Version 17
VisualStudioVersion = 17.0.32014.148
MinimumVisualStudioVersion = 10.0.40219.1
Project("{FAE04EC0-301F-11D3-BF4B-00C04F79EFBC}") = "DiscogsCollectionManager.WPF", "DiscogsCollectionManager.WPF\DiscogsCollectionManager.WPF.csproj", "{DC6123ED-5C54-476A-897E-B7E462396869}"
EndProject
Project("{FAE04EC0-301F-11D3-BF4B-00C04F79EFBC}") = "DiscogsCollectionManager.DiscogsApiClient", "DiscogsCollectionManager.DiscogsApiClient\DiscogsCollectionManager.DiscogsApiClient.csproj", "{568E75BE-B42F-43F6-BE0C-BCCEECF75A86}"
EndProject
Global
	GlobalSection(SolutionConfigurationPlatforms) = preSolution
		Debug|Any CPU = Debug|Any CPU
		Release|Any CPU = Release|Any CPU
	EndGlobalSection
	GlobalSection(ProjectConfigurationPlatforms) = postSolution
		{DC6123ED-5C54-476A-897E-B7E462396869}.Debug|Any CPU.ActiveCfg = Debug|Any CPU
		{DC6123ED-5C54-476A-897E-B7E462396869}.Debug|Any CPU.Build.0 = Debug|Any CPU
		{DC6123ED-5C54-476A-897E-B7E462396869}.Release|Any CPU.ActiveCfg = Release|Any CPU
		{DC6123ED-5C54-476A-897E-B7E462396869}.Release|Any CPU.Build.0 = Release|Any CPU
		{568E75BE-B42F-43F6-BE0C-BCCEECF75A86}.Debug|Any CPU.ActiveCfg = Debug|Any CPU
		{568E75BE-B42F-43F6-BE0C-BCCEECF75A86}.Debug|Any CPU.Build.0 = Debug|Any CPU
		{568E75BE-B42F-43F6-BE0C-BCCEECF75A86}.Release|Any CPU.ActiveCfg = Release|Any CPU
		{568E75BE-B42F-43F6-BE0C-BCCEECF75A86}.Release|Any CPU.Build.0 = Release|Any CPU
	EndGlobalSection
	GlobalSection(SolutionProperties) = preSolution
		HideSolutionNode = FALSE
	EndGlobalSection
	GlobalSection(ExtensibilityGlobals) = postSolution
		SolutionGuid = {77F4C436-9747-4D6B-A876-00B3CDD68DCD}
	EndGlobalSection
EndGlobal
